// !$*UTF8*$!
{
	archiveVersion = 1;
	classes = {
	};
	objectVersion = 50;
	objects = {

/* Begin PBXBuildFile section */
		DE64E7BB24DF75F00054CBFC /* AppDelegate.swift in Sources */ = {isa = PBXBuildFile; fileRef = DE64E7BA24DF75F00054CBFC /* AppDelegate.swift */; };
		DE64E7BD24DF75F00054CBFC /* SceneDelegate.swift in Sources */ = {isa = PBXBuildFile; fileRef = DE64E7BC24DF75F00054CBFC /* SceneDelegate.swift */; };
		DE64E7BF24DF75F00054CBFC /* ViewController.swift in Sources */ = {isa = PBXBuildFile; fileRef = DE64E7BE24DF75F00054CBFC /* ViewController.swift */; };
		DE64E7C224DF75F00054CBFC /* Main.storyboard in Resources */ = {isa = PBXBuildFile; fileRef = DE64E7C024DF75F00054CBFC /* Main.storyboard */; };
		DE64E7C424DF75F20054CBFC /* Assets.xcassets in Resources */ = {isa = PBXBuildFile; fileRef = DE64E7C324DF75F20054CBFC /* Assets.xcassets */; };
		DE64E7C724DF75F20054CBFC /* LaunchScreen.storyboard in Resources */ = {isa = PBXBuildFile; fileRef = DE64E7C524DF75F20054CBFC /* LaunchScreen.storyboard */; };
/* End PBXBuildFile section */

/* Begin PBXFileReference section */
		DE64E7B724DF75F00054CBFC /* UltimateTrivia-HarryPotter.app */ = {isa = PBXFileReference; explicitFileType = wrapper.application; includeInIndex = 0; path = "UltimateTrivia-HarryPotter.app"; sourceTree = BUILT_PRODUCTS_DIR; };
		DE64E7BA24DF75F00054CBFC /* AppDelegate.swift */ = {isa = PBXFileReference; lastKnownFileType = sourcecode.swift; path = AppDelegate.swift; sourceTree = "<group>"; };
		DE64E7BC24DF75F00054CBFC /* SceneDelegate.swift */ = {isa = PBXFileReference; lastKnownFileType = sourcecode.swift; path = SceneDelegate.swift; sourceTree = "<group>"; };
		DE64E7BE24DF75F00054CBFC /* ViewController.swift */ = {isa = PBXFileReference; lastKnownFileType = sourcecode.swift; path = ViewController.swift; sourceTree = "<group>"; };
		DE64E7C124DF75F00054CBFC /* Base */ = {isa = PBXFileReference; lastKnownFileType = file.storyboard; name = Base; path = Base.lproj/Main.storyboard; sourceTree = "<group>"; };
		DE64E7C324DF75F20054CBFC /* Assets.xcassets */ = {isa = PBXFileReference; lastKnownFileType = folder.assetcatalog; path = Assets.xcassets; sourceTree = "<group>"; };
		DE64E7C624DF75F20054CBFC /* Base */ = {isa = PBXFileReference; lastKnownFileType = file.storyboard; name = Base; path = Base.lproj/LaunchScreen.storyboard; sourceTree = "<group>"; };
		DE64E7C824DF75F20054CBFC /* Info.plist */ = {isa = PBXFileReference; lastKnownFileType = text.plist.xml; path = Info.plist; sourceTree = "<group>"; };
/* End PBXFileReference section */

/* Begin PBXFrameworksBuildPhase section */
		DE64E7B424DF75F00054CBFC /* Frameworks */ = {
			isa = PBXFrameworksBuildPhase;
			buildActionMask = 2147483647;
			files = (
			);
			runOnlyForDeploymentPostprocessing = 0;
		};
/* End PBXFrameworksBuildPhase section */

/* Begin PBXGroup section */
		DE64E7AE24DF75F00054CBFC = {
			isa = PBXGroup;
			children = (
				DE64E7B924DF75F00054CBFC /* UltimateTrivia-HarryPotter */,
				DE64E7B824DF75F00054CBFC /* Products */,
			);
			sourceTree = "<group>";
		};
		DE64E7B824DF75F00054CBFC /* Products */ = {
			isa = PBXGroup;
			children = (
				DE64E7B724DF75F00054CBFC /* UltimateTrivia-HarryPotter.app */,
			);
			name = Products;
			sourceTree = "<group>";
		};
		DE64E7B924DF75F00054CBFC /* UltimateTrivia-HarryPotter */ = {
			isa = PBXGroup;
			children = (
				DE64E7BA24DF75F00054CBFC /* AppDelegate.swift */,
				DE64E7BC24DF75F00054CBFC /* SceneDelegate.swift */,
				DE64E7BE24DF75F00054CBFC /* ViewController.swift */,
				DE64E7C024DF75F00054CBFC /* Main.storyboard */,
				DE64E7C324DF75F20054CBFC /* Assets.xcassets */,
				DE64E7C524DF75F20054CBFC /* LaunchScreen.storyboard */,
				DE64E7C824DF75F20054CBFC /* Info.plist */,
			);
			path = "UltimateTrivia-HarryPotter";
			sourceTree = "<group>";
		};
/* End PBXGroup section */

/* Begin PBXNativeTarget section */
		DE64E7B624DF75F00054CBFC /* UltimateTrivia-HarryPotter */ = {
			isa = PBXNativeTarget;
			buildConfigurationList = DE64E7CB24DF75F20054CBFC /* Build configuration list for PBXNativeTarget "UltimateTrivia-HarryPotter" */;
			buildPhases = (
				DE64E7B324DF75F00054CBFC /* Sources */,
				DE64E7B424DF75F00054CBFC /* Frameworks */,
				DE64E7B524DF75F00054CBFC /* Resources */,
			);
			buildRules = (
			);
			dependencies = (
			);
			name = "UltimateTrivia-HarryPotter";
			productName = "UltimateTrivia-HarryPotter";
			productReference = DE64E7B724DF75F00054CBFC /* UltimateTrivia-HarryPotter.app */;
			productType = "com.apple.product-type.application";
		};
/* End PBXNativeTarget section */

/* Begin PBXProject section */
		DE64E7AF24DF75F00054CBFC /* Project object */ = {
			isa = PBXProject;
			attributes = {
				LastSwiftUpdateCheck = 1150;
				LastUpgradeCheck = 1150;
				ORGANIZATIONNAME = "Ameer Bajwa";
				TargetAttributes = {
					DE64E7B624DF75F00054CBFC = {
						CreatedOnToolsVersion = 11.5;
					};
				};
			};
			buildConfigurationList = DE64E7B224DF75F00054CBFC /* Build configuration list for PBXProject "UltimateTrivia-HarryPotter" */;
			compatibilityVersion = "Xcode 9.3";
			developmentRegion = en;
			hasScannedForEncodings = 0;
			knownRegions = (
				en,
				Base,
			);
			mainGroup = DE64E7AE24DF75F00054CBFC;
			productRefGroup = DE64E7B824DF75F00054CBFC /* Products */;
			projectDirPath = "";
			projectRoot = "";
			targets = (
				DE64E7B624DF75F00054CBFC /* UltimateTrivia-HarryPotter */,
			);
		};
/* End PBXProject section */

/* Begin PBXResourcesBuildPhase section */
		DE64E7B524DF75F00054CBFC /* Resources */ = {
			isa = PBXResourcesBuildPhase;
			buildActionMask = 2147483647;
			files = (
				DE64E7C724DF75F20054CBFC /* LaunchScreen.storyboard in Resources */,
				DE64E7C424DF75F20054CBFC /* Assets.xcassets in Resources */,
				DE64E7C224DF75F00054CBFC /* Main.storyboard in Resources */,
			);
			runOnlyForDeploymentPostprocessing = 0;
		};
/* End PBXResourcesBuildPhase section */

/* Begin PBXSourcesBuildPhase section */
		DE64E7B324DF75F00054CBFC /* Sources */ = {
			isa = PBXSourcesBuildPhase;
			buildActionMask = 2147483647;
			files = (
				DE64E7BF24DF75F00054CBFC /* ViewController.swift in Sources */,
				DE64E7BB24DF75F00054CBFC /* AppDelegate.swift in Sources */,
				DE64E7BD24DF75F00054CBFC /* SceneDelegate.swift in Sources */,
			);
			runOnlyForDeploymentPostprocessing = 0;
		};
/* End PBXSourcesBuildPhase section */

/* Begin PBXVariantGroup section */
		DE64E7C024DF75F00054CBFC /* Main.storyboard */ = {
			isa = PBXVariantGroup;
			children = (
				DE64E7C124DF75F00054CBFC /* Base */,
			);
			name = Main.storyboard;
			sourceTree = "<group>";
		};
		DE64E7C524DF75F20054CBFC /* LaunchScreen.storyboard */ = {
			isa = PBXVariantGroup;
			children = (
				DE64E7C624DF75F20054CBFC /* Base */,
			);
			name = LaunchScreen.storyboard;
			sourceTree = "<group>";
		};
/* End PBXVariantGroup section */

/* Begin XCBuildConfiguration section */
		DE64E7C924DF75F20054CBFC /* Debug */ = {
			isa = XCBuildConfiguration;
			buildSettings = {
				ALWAYS_SEARCH_USER_PATHS = NO;
				CLANG_ANALYZER_NONNULL = YES;
				CLANG_ANALYZER_NUMBER_OBJECT_CONVERSION = YES_AGGRESSIVE;
				CLANG_CXX_LANGUAGE_STANDARD = "gnu++14";
				CLANG_CXX_LIBRARY = "libc++";
				CLANG_ENABLE_MODULES = YES;
				CLANG_ENABLE_OBJC_ARC = YES;
				CLANG_ENABLE_OBJC_WEAK = YES;
				CLANG_WARN_BLOCK_CAPTURE_AUTORELEASING = YES;
				CLANG_WARN_BOOL_CONVERSION = YES;
				CLANG_WARN_COMMA = YES;
				CLANG_WARN_CONSTANT_CONVERSION = YES;
				CLANG_WARN_DEPRECATED_OBJC_IMPLEMENTATIONS = YES;
				CLANG_WARN_DIRECT_OBJC_ISA_USAGE = YES_ERROR;
				CLANG_WARN_DOCUMENTATION_COMMENTS = YES;
				CLANG_WARN_EMPTY_BODY = YES;
				CLANG_WARN_ENUM_CONVERSION = YES;
				CLANG_WARN_INFINITE_RECURSION = YES;
				CLANG_WARN_INT_CONVERSION = YES;
				CLANG_WARN_NON_LITERAL_NULL_CONVERSION = YES;
				CLANG_WARN_OBJC_IMPLICIT_RETAIN_SELF = YES;
				CLANG_WARN_OBJC_LITERAL_CONVERSION = YES;
				CLANG_WARN_OBJC_ROOT_CLASS = YES_ERROR;
				CLANG_WARN_RANGE_LOOP_ANALYSIS = YES;
				CLANG_WARN_STRICT_PROTOTYPES = YES;
				CLANG_WARN_SUSPICIOUS_MOVE = YES;
				CLANG_WARN_UNGUARDED_AVAILABILITY = YES_AGGRESSIVE;
				CLANG_WARN_UNREACHABLE_CODE = YES;
				CLANG_WARN__DUPLICATE_METHOD_MATCH = YES;
				COPY_PHASE_STRIP = NO;
				DEBUG_INFORMATION_FORMAT = dwarf;
				ENABLE_STRICT_OBJC_MSGSEND = YES;
				ENABLE_TESTABILITY = YES;
				GCC_C_LANGUAGE_STANDARD = gnu11;
				GCC_DYNAMIC_NO_PIC = NO;
				GCC_NO_COMMON_BLOCKS = YES;
				GCC_OPTIMIZATION_LEVEL = 0;
				GCC_PREPROCESSOR_DEFINITIONS = (
					"DEBUG=1",
					"$(inherited)",
				);
				GCC_WARN_64_TO_32_BIT_CONVERSION = YES;
				GCC_WARN_ABOUT_RETURN_TYPE = YES_ERROR;
				GCC_WARN_UNDECLARED_SELECTOR = YES;
				GCC_WARN_UNINITIALIZED_AUTOS = YES_AGGRESSIVE;
				GCC_WARN_UNUSED_FUNCTION = YES;
				GCC_WARN_UNUSED_VARIABLE = YES;
				IPHONEOS_DEPLOYMENT_TARGET = 13.5;
				MTL_ENABLE_DEBUG_INFO = INCLUDE_SOURCE;
				MTL_FAST_MATH = YES;
				ONLY_ACTIVE_ARCH = YES;
				SDKROOT = iphoneos;
				SWIFT_ACTIVE_COMPILATION_CONDITIONS = DEBUG;
				SWIFT_OPTIMIZATION_LEVEL = "-Onone";
			};
			name = Debug;
		};
		DE64E7CA24DF75F20054CBFC /* Release */ = {
			isa = XCBuildConfiguration;
			buildSettings = {
				ALWAYS_SEARCH_USER_PATHS = NO;
				CLANG_ANALYZER_NONNULL = YES;
				CLANG_ANALYZER_NUMBER_OBJECT_CONVERSION = YES_AGGRESSIVE;
				CLANG_CXX_LANGUAGE_STANDARD = "gnu++14";
				CLANG_CXX_LIBRARY = "libc++";
				CLANG_ENABLE_MODULES = YES;
				CLANG_ENABLE_OBJC_ARC = YES;
				CLANG_ENABLE_OBJC_WEAK = YES;
				CLANG_WARN_BLOCK_CAPTURE_AUTORELEASING = YES;
				CLANG_WARN_BOOL_CONVERSION = YES;
				CLANG_WARN_COMMA = YES;
				CLANG_WARN_CONSTANT_CONVERSION = YES;
				CLANG_WARN_DEPRECATED_OBJC_IMPLEMENTATIONS = YES;
				CLANG_WARN_DIRECT_OBJC_ISA_USAGE = YES_ERROR;
				CLANG_WARN_DOCUMENTATION_COMMENTS = YES;
				CLANG_WARN_EMPTY_BODY = YES;
				CLANG_WARN_ENUM_CONVERSION = YES;
				CLANG_WARN_INFINITE_RECURSION = YES;
				CLANG_WARN_INT_CONVERSION = YES;
				CLANG_WARN_NON_LITERAL_NULL_CONVERSION = YES;
				CLANG_WARN_OBJC_IMPLICIT_RETAIN_SELF = YES;
				CLANG_WARN_OBJC_LITERAL_CONVERSION = YES;
				CLANG_WARN_OBJC_ROOT_CLASS = YES_ERROR;
				CLANG_WARN_RANGE_LOOP_ANALYSIS = YES;
				CLANG_WARN_STRICT_PROTOTYPES = YES;
				CLANG_WARN_SUSPICIOUS_MOVE = YES;
				CLANG_WARN_UNGUARDED_AVAILABILITY = YES_AGGRESSIVE;
				CLANG_WARN_UNREACHABLE_CODE = YES;
				CLANG_WARN__DUPLICATE_METHOD_MATCH = YES;
				COPY_PHASE_STRIP = NO;
				DEBUG_INFORMATION_FORMAT = "dwarf-with-dsym";
				ENABLE_NS_ASSERTIONS = NO;
				ENABLE_STRICT_OBJC_MSGSEND = YES;
				GCC_C_LANGUAGE_STANDARD = gnu11;
				GCC_NO_COMMON_BLOCKS = YES;
				GCC_WARN_64_TO_32_BIT_CONVERSION = YES;
				GCC_WARN_ABOUT_RETURN_TYPE = YES_ERROR;
				GCC_WARN_UNDECLARED_SELECTOR = YES;
				GCC_WARN_UNINITIALIZED_AUTOS = YES_AGGRESSIVE;
				GCC_WARN_UNUSED_FUNCTION = YES;
				GCC_WARN_UNUSED_VARIABLE = YES;
				IPHONEOS_DEPLOYMENT_TARGET = 13.5;
				MTL_ENABLE_DEBUG_INFO = NO;
				MTL_FAST_MATH = YES;
				SDKROOT = iphoneos;
				SWIFT_COMPILATION_MODE = wholemodule;
				SWIFT_OPTIMIZATION_LEVEL = "-O";
				VALIDATE_PRODUCT = YES;
			};
			name = Release;
		};
		DE64E7CC24DF75F20054CBFC /* Debug */ = {
			isa = XCBuildConfiguration;
			buildSettings = {
				ASSETCATALOG_COMPILER_APPICON_NAME = AppIcon;
				CODE_SIGN_STYLE = Automatic;
				INFOPLIST_FILE = "UltimateTrivia-HarryPotter/Info.plist";
				LD_RUNPATH_SEARCH_PATHS = (
					"$(inherited)",
					"@executable_path/Frameworks",
				);
				PRODUCT_BUNDLE_IDENTIFIER = "TheBaj.UltimateTrivia-HarryPotter";
				PRODUCT_NAME = "$(TARGET_NAME)";
				SWIFT_VERSION = 5.0;
				TARGETED_DEVICE_FAMILY = "1,2";
			};
			name = Debug;
		};
		DE64E7CD24DF75F20054CBFC /* Release */ = {
			isa = XCBuildConfiguration;
			buildSettings = {
				ASSETCATALOG_COMPILER_APPICON_NAME = AppIcon;
				CODE_SIGN_STYLE = Automatic;
				INFOPLIST_FILE = "UltimateTrivia-HarryPotter/Info.plist";
				LD_RUNPATH_SEARCH_PATHS = (
					"$(inherited)",
					"@executable_path/Frameworks",
				);
				PRODUCT_BUNDLE_IDENTIFIER = "TheBaj.UltimateTrivia-HarryPotter";
				PRODUCT_NAME = "$(TARGET_NAME)";
				SWIFT_VERSION = 5.0;
				TARGETED_DEVICE_FAMILY = "1,2";
			};
			name = Release;
		};
/* End XCBuildConfiguration section */

/* Begin XCConfigurationList section */
		DE64E7B224DF75F00054CBFC /* Build configuration list for PBXProject "UltimateTrivia-HarryPotter" */ = {
			isa = XCConfigurationList;
			buildConfigurations = (
				DE64E7C924DF75F20054CBFC /* Debug */,
				DE64E7CA24DF75F20054CBFC /* Release */,
			);
			defaultConfigurationIsVisible = 0;
			defaultConfigurationName = Release;
		};
		DE64E7CB24DF75F20054CBFC /* Build configuration list for PBXNativeTarget "UltimateTrivia-HarryPotter" */ = {
			isa = XCConfigurationList;
			buildConfigurations = (
				DE64E7CC24DF75F20054CBFC /* Debug */,
				DE64E7CD24DF75F20054CBFC /* Release */,
			);
			defaultConfigurationIsVisible = 0;
			defaultConfigurationName = Release;
		};
/* End XCConfigurationList section */
	};
	rootObject = DE64E7AF24DF75F00054CBFC /* Project object */;
}
